
Microsoft Visual Studio Solution File, Format Version 12.00
# Visual Studio 15
VisualStudioVersion = 15.0.28010.2026
MinimumVisualStudioVersion = 10.0.40219.1
Project("{FAE04EC0-301F-11D3-BF4B-00C04F79EFBC}") = "ElectionSystem", "ElectionSystem\ElectionSystem.csproj", "{F93AA3D2-64D4-4699-8D2D-44535AB39F61}"
EndProject
Global
	GlobalSection(SolutionConfigurationPlatforms) = preSolution
		Debug|Any CPU = Debug|Any CPU
		Release|Any CPU = Release|Any CPU
	EndGlobalSection
	GlobalSection(ProjectConfigurationPlatforms) = postSolution
		{F93AA3D2-64D4-4699-8D2D-44535AB39F61}.Debug|Any CPU.ActiveCfg = Debug|Any CPU
		{F93AA3D2-64D4-4699-8D2D-44535AB39F61}.Debug|Any CPU.Build.0 = Debug|Any CPU
		{F93AA3D2-64D4-4699-8D2D-44535AB39F61}.Release|Any CPU.ActiveCfg = Release|Any CPU
		{F93AA3D2-64D4-4699-8D2D-44535AB39F61}.Release|Any CPU.Build.0 = Release|Any CPU
	EndGlobalSection
	GlobalSection(SolutionProperties) = preSolution
		HideSolutionNode = FALSE
	EndGlobalSection
	GlobalSection(ExtensibilityGlobals) = postSolution
		SolutionGuid = {BB2E01D9-F569-404C-9864-F15A51AB8001}
	EndGlobalSection
EndGlobal
